
Microsoft Visual Studio Solution File, Format Version 12.00
# Visual Studio Version 16
VisualStudioVersion = 16.0.30104.148
MinimumVisualStudioVersion = 10.0.40219.1
Project("{9A19103F-16F7-4668-BE54-9A1E7A4F7556}") = "Offre", "Offre\Offre.csproj", "{023D8104-09E3-473A-BB31-1C499E277FCA}"
EndProject
Project("{9A19103F-16F7-4668-BE54-9A1E7A4F7556}") = "Offre.Logic", "Offre.Logic\Offre.Logic.csproj", "{C4F75E9D-42B4-4C7F-AB9B-1B221685B7E3}"
EndProject
Project("{9A19103F-16F7-4668-BE54-9A1E7A4F7556}") = "Offre.Data", "Offre.Data\Offre.Data.csproj", "{53113E45-19F2-4FF8-8B6D-DB2BA101B1E2}"
EndProject
Project("{9A19103F-16F7-4668-BE54-9A1E7A4F7556}") = "Offre.Controllers", "Offre.Controllers\Offre.Controllers.csproj", "{23153331-9BC9-4C09-BF86-5EBE0CAC682B}"
EndProject
Project("{9A19103F-16F7-4668-BE54-9A1E7A4F7556}") = "Offre.Test", "Offre.Test\Offre.Test.csproj", "{1F2FF135-B9B2-4464-B411-C9513110C50A}"
EndProject
Project("{9A19103F-16F7-4668-BE54-9A1E7A4F7556}") = "Offre.Validation", "Offre.Validation\Offre.Validation.csproj", "{3542C4F1-9B3A-4247-AE41-5518F98C3E57}"
EndProject
Project("{FAE04EC0-301F-11D3-BF4B-00C04F79EFBC}") = "Offre.Abstraction", "Offre.Abstraction\Offre.Abstraction.csproj", "{D00EA8C3-DF35-4D71-8993-C600D74E81BF}"
EndProject
Global
	GlobalSection(SolutionConfigurationPlatforms) = preSolution
		Debug|Any CPU = Debug|Any CPU
		Release|Any CPU = Release|Any CPU
	EndGlobalSection
	GlobalSection(ProjectConfigurationPlatforms) = postSolution
		{023D8104-09E3-473A-BB31-1C499E277FCA}.Debug|Any CPU.ActiveCfg = Debug|Any CPU
		{023D8104-09E3-473A-BB31-1C499E277FCA}.Debug|Any CPU.Build.0 = Debug|Any CPU
		{023D8104-09E3-473A-BB31-1C499E277FCA}.Release|Any CPU.ActiveCfg = Release|Any CPU
		{023D8104-09E3-473A-BB31-1C499E277FCA}.Release|Any CPU.Build.0 = Release|Any CPU
		{C4F75E9D-42B4-4C7F-AB9B-1B221685B7E3}.Debug|Any CPU.ActiveCfg = Debug|Any CPU
		{C4F75E9D-42B4-4C7F-AB9B-1B221685B7E3}.Debug|Any CPU.Build.0 = Debug|Any CPU
		{C4F75E9D-42B4-4C7F-AB9B-1B221685B7E3}.Release|Any CPU.ActiveCfg = Release|Any CPU
		{C4F75E9D-42B4-4C7F-AB9B-1B221685B7E3}.Release|Any CPU.Build.0 = Release|Any CPU
		{53113E45-19F2-4FF8-8B6D-DB2BA101B1E2}.Debug|Any CPU.ActiveCfg = Debug|Any CPU
		{53113E45-19F2-4FF8-8B6D-DB2BA101B1E2}.Debug|Any CPU.Build.0 = Debug|Any CPU
		{53113E45-19F2-4FF8-8B6D-DB2BA101B1E2}.Release|Any CPU.ActiveCfg = Release|Any CPU
		{53113E45-19F2-4FF8-8B6D-DB2BA101B1E2}.Release|Any CPU.Build.0 = Release|Any CPU
		{23153331-9BC9-4C09-BF86-5EBE0CAC682B}.Debug|Any CPU.ActiveCfg = Debug|Any CPU
		{23153331-9BC9-4C09-BF86-5EBE0CAC682B}.Debug|Any CPU.Build.0 = Debug|Any CPU
		{23153331-9BC9-4C09-BF86-5EBE0CAC682B}.Release|Any CPU.ActiveCfg = Release|Any CPU
		{23153331-9BC9-4C09-BF86-5EBE0CAC682B}.Release|Any CPU.Build.0 = Release|Any CPU
		{1F2FF135-B9B2-4464-B411-C9513110C50A}.Debug|Any CPU.ActiveCfg = Debug|Any CPU
		{1F2FF135-B9B2-4464-B411-C9513110C50A}.Debug|Any CPU.Build.0 = Debug|Any CPU
		{1F2FF135-B9B2-4464-B411-C9513110C50A}.Release|Any CPU.ActiveCfg = Release|Any CPU
		{1F2FF135-B9B2-4464-B411-C9513110C50A}.Release|Any CPU.Build.0 = Release|Any CPU
		{3542C4F1-9B3A-4247-AE41-5518F98C3E57}.Debug|Any CPU.ActiveCfg = Debug|Any CPU
		{3542C4F1-9B3A-4247-AE41-5518F98C3E57}.Debug|Any CPU.Build.0 = Debug|Any CPU
		{3542C4F1-9B3A-4247-AE41-5518F98C3E57}.Release|Any CPU.ActiveCfg = Release|Any CPU
		{3542C4F1-9B3A-4247-AE41-5518F98C3E57}.Release|Any CPU.Build.0 = Release|Any CPU
		{D00EA8C3-DF35-4D71-8993-C600D74E81BF}.Debug|Any CPU.ActiveCfg = Debug|Any CPU
		{D00EA8C3-DF35-4D71-8993-C600D74E81BF}.Debug|Any CPU.Build.0 = Debug|Any CPU
		{D00EA8C3-DF35-4D71-8993-C600D74E81BF}.Release|Any CPU.ActiveCfg = Release|Any CPU
		{D00EA8C3-DF35-4D71-8993-C600D74E81BF}.Release|Any CPU.Build.0 = Release|Any CPU
	EndGlobalSection
	GlobalSection(SolutionProperties) = preSolution
		HideSolutionNode = FALSE
	EndGlobalSection
	GlobalSection(ExtensibilityGlobals) = postSolution
		SolutionGuid = {C95E140D-6625-4C7D-A7D5-A251418E0EF3}
	EndGlobalSection
EndGlobal
